
Microsoft Visual Studio Solution File, Format Version 12.00
# Visual Studio Version 17
VisualStudioVersion = 17.1.32210.238
MinimumVisualStudioVersion = 10.0.40219.1
Project("{FAE04EC0-301F-11D3-BF4B-00C04F79EFBC}") = "NguyenHuuHoang_2050531200146_31_3_2002", "NguyenHuuHoang_2050531200146_31_3_2002\NguyenHuuHoang_2050531200146_31_3_2002.csproj", "{4F458EA9-8F48-4CD7-97AF-8DE3D8E77B08}"
EndProject
Global
	GlobalSection(SolutionConfigurationPlatforms) = preSolution
		Debug|Any CPU = Debug|Any CPU
		Release|Any CPU = Release|Any CPU
	EndGlobalSection
	GlobalSection(ProjectConfigurationPlatforms) = postSolution
		{4F458EA9-8F48-4CD7-97AF-8DE3D8E77B08}.Debug|Any CPU.ActiveCfg = Debug|Any CPU
		{4F458EA9-8F48-4CD7-97AF-8DE3D8E77B08}.Debug|Any CPU.Build.0 = Debug|Any CPU
		{4F458EA9-8F48-4CD7-97AF-8DE3D8E77B08}.Release|Any CPU.ActiveCfg = Release|Any CPU
		{4F458EA9-8F48-4CD7-97AF-8DE3D8E77B08}.Release|Any CPU.Build.0 = Release|Any CPU
	EndGlobalSection
	GlobalSection(SolutionProperties) = preSolution
		HideSolutionNode = FALSE
	EndGlobalSection
	GlobalSection(ExtensibilityGlobals) = postSolution
		SolutionGuid = {6FBE12CD-1715-4053-BEB7-283E54E4CD1A}
	EndGlobalSection
EndGlobal
